
Microsoft Visual Studio Solution File, Format Version 12.00
# Visual Studio Version 16
VisualStudioVersion = 16.0.29519.181
MinimumVisualStudioVersion = 10.0.40219.1
Project("{FAE04EC0-301F-11D3-BF4B-00C04F79EFBC}") = "SteamUpdater", "SteamUpdater\SteamUpdater.csproj", "{387A9B84-51EB-4B4E-B621-A20E858CD64A}"
EndProject
Global
	GlobalSection(SolutionConfigurationPlatforms) = preSolution
		Debug|Any CPU = Debug|Any CPU
		Release|Any CPU = Release|Any CPU
	EndGlobalSection
	GlobalSection(ProjectConfigurationPlatforms) = postSolution
		{387A9B84-51EB-4B4E-B621-A20E858CD64A}.Debug|Any CPU.ActiveCfg = Debug|Any CPU
		{387A9B84-51EB-4B4E-B621-A20E858CD64A}.Debug|Any CPU.Build.0 = Debug|Any CPU
		{387A9B84-51EB-4B4E-B621-A20E858CD64A}.Release|Any CPU.ActiveCfg = Release|Any CPU
		{387A9B84-51EB-4B4E-B621-A20E858CD64A}.Release|Any CPU.Build.0 = Release|Any CPU
	EndGlobalSection
	GlobalSection(SolutionProperties) = preSolution
		HideSolutionNode = FALSE
	EndGlobalSection
	GlobalSection(ExtensibilityGlobals) = postSolution
		SolutionGuid = {7B497D8B-35CA-4158-B0F9-018D158A4990}
	EndGlobalSection
EndGlobal
